// !$*UTF8*$!
{
	archiveVersion = 1;
	classes = {
	};
	objectVersion = 50;
	objects = {

/* Begin PBXBuildFile section */
		365DCA327F8A58EA3FCA52AC /* Pods_MenuAppTDDTests.framework in Frameworks */ = {isa = PBXBuildFile; fileRef = E33079550ED7FE31AB14E4FB /* Pods_MenuAppTDDTests.framework */; };
		6CB02E18844BFA0A342AA47F /* Pods_MenuAppTDD_MenuAppTDDUITests.framework in Frameworks */ = {isa = PBXBuildFile; fileRef = A50AC2FBCE6452E418288138 /* Pods_MenuAppTDD_MenuAppTDDUITests.framework */; };
		8D8520139AABB1D04B47B00A /* Pods_MenuAppTDD.framework in Frameworks */ = {isa = PBXBuildFile; fileRef = F8923D4D18490ACC13D9E67F /* Pods_MenuAppTDD.framework */; };
		8F3AA981239C4811007DF782 /* Extensions.swift in Sources */ = {isa = PBXBuildFile; fileRef = 8F3AA980239C4811007DF782 /* Extensions.swift */; };
		8F3AA983239C481C007DF782 /* Constants.swift in Sources */ = {isa = PBXBuildFile; fileRef = 8F3AA982239C481C007DF782 /* Constants.swift */; };
		8F3AA992239C5EAD007DF782 /* LaunchScreen.storyboard in Resources */ = {isa = PBXBuildFile; fileRef = 8F3AA991239C5EAD007DF782 /* LaunchScreen.storyboard */; };
		8F4CA3F32474808300C4C9A3 /* URLSessionHTTPClientTests+Helpers.swift in Sources */ = {isa = PBXBuildFile; fileRef = 8F4CA3F22474808300C4C9A3 /* URLSessionHTTPClientTests+Helpers.swift */; };
		8F4CA3F5247480D500C4C9A3 /* URLProtocolStub.swift in Sources */ = {isa = PBXBuildFile; fileRef = 8F4CA3F4247480D500C4C9A3 /* URLProtocolStub.swift */; };
		8F4CA3F7247481C100C4C9A3 /* DataProviderTests+Helpers.swift in Sources */ = {isa = PBXBuildFile; fileRef = 8F4CA3F6247481C100C4C9A3 /* DataProviderTests+Helpers.swift */; };
		8F4CA3F92474820700C4C9A3 /* HTTPClientStub.swift in Sources */ = {isa = PBXBuildFile; fileRef = 8F4CA3F82474820700C4C9A3 /* HTTPClientStub.swift */; };
		8F4CA3FB2474833F00C4C9A3 /* URLRequestBuilderTests+Helpers.swift in Sources */ = {isa = PBXBuildFile; fileRef = 8F4CA3FA2474833F00C4C9A3 /* URLRequestBuilderTests+Helpers.swift */; };
		8F52680D23DA334400F182BB /* Ultra-Regular.ttf in Resources */ = {isa = PBXBuildFile; fileRef = 8F52680C23DA334400F182BB /* Ultra-Regular.ttf */; };
		8F52680F23DA36F100F182BB /* NavigationItemView.swift in Sources */ = {isa = PBXBuildFile; fileRef = 8F52680E23DA36F100F182BB /* NavigationItemView.swift */; };
		8F64E1AF23CD10F60063881F /* CategoryMainView.swift in Sources */ = {isa = PBXBuildFile; fileRef = 8F64E1AE23CD10F60063881F /* CategoryMainView.swift */; };
		8F64E1B123CD11050063881F /* MenuMainView.swift in Sources */ = {isa = PBXBuildFile; fileRef = 8F64E1B023CD11050063881F /* MenuMainView.swift */; };
		8F8330722429499700F4A1BC /* URLSessionHTTPClientTests.swift in Sources */ = {isa = PBXBuildFile; fileRef = 8F8330712429499700F4A1BC /* URLSessionHTTPClientTests.swift */; };
		8F83307424294C7F00F4A1BC /* DataTaskPublisher.swift in Sources */ = {isa = PBXBuildFile; fileRef = 8F83307324294C7F00F4A1BC /* DataTaskPublisher.swift */; };
		8F8635072394309F008EA802 /* AppDelegate.swift in Sources */ = {isa = PBXBuildFile; fileRef = 8F8635062394309F008EA802 /* AppDelegate.swift */; };
		8F8635092394309F008EA802 /* SceneDelegate.swift in Sources */ = {isa = PBXBuildFile; fileRef = 8F8635082394309F008EA802 /* SceneDelegate.swift */; };
		8F863510239430A2008EA802 /* Assets.xcassets in Resources */ = {isa = PBXBuildFile; fileRef = 8F86350F239430A2008EA802 /* Assets.xcassets */; };
		8F863529239430A2008EA802 /* MenuAppTDDUITests.swift in Sources */ = {isa = PBXBuildFile; fileRef = 8F863528239430A2008EA802 /* MenuAppTDDUITests.swift */; };
		8FB6E9582441F2D4000C4C89 /* XCTestCase+MemoryLeakTracking.swift in Sources */ = {isa = PBXBuildFile; fileRef = 8FB6E9572441F2D3000C4C89 /* XCTestCase+MemoryLeakTracking.swift */; };
		8FB6E95E24437DF3000C4C89 /* URLSessionHTTPClient.swift in Sources */ = {isa = PBXBuildFile; fileRef = 8FB6E95D24437DF3000C4C89 /* URLSessionHTTPClient.swift */; };
		8FB6E96024437EAF000C4C89 /* DataProviderTests.swift in Sources */ = {isa = PBXBuildFile; fileRef = 8FB6E95F24437EAF000C4C89 /* DataProviderTests.swift */; };
		8FB6E9622443DB0E000C4C89 /* URLRequestBuilder.swift in Sources */ = {isa = PBXBuildFile; fileRef = 8FB6E9612443DB0D000C4C89 /* URLRequestBuilder.swift */; };
		8FB6E964244471C2000C4C89 /* XCTestCase+TestHelpers.swift in Sources */ = {isa = PBXBuildFile; fileRef = 8FB6E963244471C2000C4C89 /* XCTestCase+TestHelpers.swift */; };
		8FB6E966244476FA000C4C89 /* URLRequestBuilderTests.swift in Sources */ = {isa = PBXBuildFile; fileRef = 8FB6E965244476FA000C4C89 /* URLRequestBuilderTests.swift */; };
		8FB6E968244497D1000C4C89 /* URLRequestConstants.swift in Sources */ = {isa = PBXBuildFile; fileRef = 8FB6E967244497D1000C4C89 /* URLRequestConstants.swift */; };
		8FC1CF7023F1F04500F9ABCF /* CategoryItem.swift in Sources */ = {isa = PBXBuildFile; fileRef = 8FC1CF6F23F1F04500F9ABCF /* CategoryItem.swift */; };
		8FE1615A23E373EE007E2973 /* DataProvider.swift in Sources */ = {isa = PBXBuildFile; fileRef = 8FE1615923E373EE007E2973 /* DataProvider.swift */; };
/* End PBXBuildFile section */

/* Begin PBXContainerItemProxy section */
		8F86351A239430A2008EA802 /* PBXContainerItemProxy */ = {
			isa = PBXContainerItemProxy;
			containerPortal = 8F8634FB2394309F008EA802 /* Project object */;
			proxyType = 1;
			remoteGlobalIDString = 8F8635022394309F008EA802;
			remoteInfo = MenuAppTDD;
		};
		8F863525239430A2008EA802 /* PBXContainerItemProxy */ = {
			isa = PBXContainerItemProxy;
			containerPortal = 8F8634FB2394309F008EA802 /* Project object */;
			proxyType = 1;
			remoteGlobalIDString = 8F8635022394309F008EA802;
			remoteInfo = MenuAppTDD;
		};
/* End PBXContainerItemProxy section */

/* Begin PBXFileReference section */
		079994913E7A356E42EF9129 /* Pods-MenuAppTDD.debug.xcconfig */ = {isa = PBXFileReference; includeInIndex = 1; lastKnownFileType = text.xcconfig; name = "Pods-MenuAppTDD.debug.xcconfig"; path = "Target Support Files/Pods-MenuAppTDD/Pods-MenuAppTDD.debug.xcconfig"; sourceTree = "<group>"; };
		38085B804D2824A48210CA15 /* Pods-MenuAppTDD-MenuAppTDDUITests.release.xcconfig */ = {isa = PBXFileReference; includeInIndex = 1; lastKnownFileType = text.xcconfig; name = "Pods-MenuAppTDD-MenuAppTDDUITests.release.xcconfig"; path = "Target Support Files/Pods-MenuAppTDD-MenuAppTDDUITests/Pods-MenuAppTDD-MenuAppTDDUITests.release.xcconfig"; sourceTree = "<group>"; };
		49780ABF2218137969862B99 /* Pods-MenuAppTDDTests.release.xcconfig */ = {isa = PBXFileReference; includeInIndex = 1; lastKnownFileType = text.xcconfig; name = "Pods-MenuAppTDDTests.release.xcconfig"; path = "Target Support Files/Pods-MenuAppTDDTests/Pods-MenuAppTDDTests.release.xcconfig"; sourceTree = "<group>"; };
		8B6ED2E6ABFB001B9BDAE5B2 /* Pods-MenuAppTDDTests.debug.xcconfig */ = {isa = PBXFileReference; includeInIndex = 1; lastKnownFileType = text.xcconfig; name = "Pods-MenuAppTDDTests.debug.xcconfig"; path = "Target Support Files/Pods-MenuAppTDDTests/Pods-MenuAppTDDTests.debug.xcconfig"; sourceTree = "<group>"; };
		8F3AA980239C4811007DF782 /* Extensions.swift */ = {isa = PBXFileReference; lastKnownFileType = sourcecode.swift; path = Extensions.swift; sourceTree = "<group>"; };
		8F3AA982239C481C007DF782 /* Constants.swift */ = {isa = PBXFileReference; lastKnownFileType = sourcecode.swift; path = Constants.swift; sourceTree = "<group>"; };
		8F3AA991239C5EAD007DF782 /* LaunchScreen.storyboard */ = {isa = PBXFileReference; lastKnownFileType = file.storyboard; path = LaunchScreen.storyboard; sourceTree = "<group>"; };
		8F4CA3F22474808300C4C9A3 /* URLSessionHTTPClientTests+Helpers.swift */ = {isa = PBXFileReference; lastKnownFileType = sourcecode.swift; path = "URLSessionHTTPClientTests+Helpers.swift"; sourceTree = "<group>"; };
		8F4CA3F4247480D500C4C9A3 /* URLProtocolStub.swift */ = {isa = PBXFileReference; lastKnownFileType = sourcecode.swift; path = URLProtocolStub.swift; sourceTree = "<group>"; };
		8F4CA3F6247481C100C4C9A3 /* DataProviderTests+Helpers.swift */ = {isa = PBXFileReference; lastKnownFileType = sourcecode.swift; path = "DataProviderTests+Helpers.swift"; sourceTree = "<group>"; };
		8F4CA3F82474820700C4C9A3 /* HTTPClientStub.swift */ = {isa = PBXFileReference; lastKnownFileType = sourcecode.swift; path = HTTPClientStub.swift; sourceTree = "<group>"; };
		8F4CA3FA2474833F00C4C9A3 /* URLRequestBuilderTests+Helpers.swift */ = {isa = PBXFileReference; lastKnownFileType = sourcecode.swift; path = "URLRequestBuilderTests+Helpers.swift"; sourceTree = "<group>"; };
		8F52680C23DA334400F182BB /* Ultra-Regular.ttf */ = {isa = PBXFileReference; lastKnownFileType = file; name = "Ultra-Regular.ttf"; path = "MenuAppTDD/Ultra-Regular.ttf"; sourceTree = "<group>"; };
		8F52680E23DA36F100F182BB /* NavigationItemView.swift */ = {isa = PBXFileReference; lastKnownFileType = sourcecode.swift; path = NavigationItemView.swift; sourceTree = "<group>"; };
		8F64E1AE23CD10F60063881F /* CategoryMainView.swift */ = {isa = PBXFileReference; lastKnownFileType = sourcecode.swift; path = CategoryMainView.swift; sourceTree = "<group>"; };
		8F64E1B023CD11050063881F /* MenuMainView.swift */ = {isa = PBXFileReference; lastKnownFileType = sourcecode.swift; path = MenuMainView.swift; sourceTree = "<group>"; };
		8F8330712429499700F4A1BC /* URLSessionHTTPClientTests.swift */ = {isa = PBXFileReference; lastKnownFileType = sourcecode.swift; path = URLSessionHTTPClientTests.swift; sourceTree = "<group>"; };
		8F83307324294C7F00F4A1BC /* DataTaskPublisher.swift */ = {isa = PBXFileReference; lastKnownFileType = sourcecode.swift; path = DataTaskPublisher.swift; sourceTree = "<group>"; };
		8F8635032394309F008EA802 /* MenuAppTDD.app */ = {isa = PBXFileReference; explicitFileType = wrapper.application; includeInIndex = 0; path = MenuAppTDD.app; sourceTree = BUILT_PRODUCTS_DIR; };
		8F8635062394309F008EA802 /* AppDelegate.swift */ = {isa = PBXFileReference; lastKnownFileType = sourcecode.swift; path = AppDelegate.swift; sourceTree = "<group>"; };
		8F8635082394309F008EA802 /* SceneDelegate.swift */ = {isa = PBXFileReference; lastKnownFileType = sourcecode.swift; path = SceneDelegate.swift; sourceTree = "<group>"; };
		8F86350F239430A2008EA802 /* Assets.xcassets */ = {isa = PBXFileReference; lastKnownFileType = folder.assetcatalog; path = Assets.xcassets; sourceTree = "<group>"; };
		8F863514239430A2008EA802 /* Info.plist */ = {isa = PBXFileReference; lastKnownFileType = text.plist.xml; path = Info.plist; sourceTree = "<group>"; };
		8F863519239430A2008EA802 /* MenuAppTDDTests.xctest */ = {isa = PBXFileReference; explicitFileType = wrapper.cfbundle; includeInIndex = 0; path = MenuAppTDDTests.xctest; sourceTree = BUILT_PRODUCTS_DIR; };
		8F86351F239430A2008EA802 /* Info.plist */ = {isa = PBXFileReference; lastKnownFileType = text.plist.xml; path = Info.plist; sourceTree = "<group>"; };
		8F863524239430A2008EA802 /* MenuAppTDDUITests.xctest */ = {isa = PBXFileReference; explicitFileType = wrapper.cfbundle; includeInIndex = 0; path = MenuAppTDDUITests.xctest; sourceTree = BUILT_PRODUCTS_DIR; };
		8F863528239430A2008EA802 /* MenuAppTDDUITests.swift */ = {isa = PBXFileReference; lastKnownFileType = sourcecode.swift; path = MenuAppTDDUITests.swift; sourceTree = "<group>"; };
		8F86352A239430A2008EA802 /* Info.plist */ = {isa = PBXFileReference; lastKnownFileType = text.plist.xml; path = Info.plist; sourceTree = "<group>"; };
		8FB6E9572441F2D3000C4C89 /* XCTestCase+MemoryLeakTracking.swift */ = {isa = PBXFileReference; lastKnownFileType = sourcecode.swift; path = "XCTestCase+MemoryLeakTracking.swift"; sourceTree = "<group>"; };
		8FB6E95D24437DF3000C4C89 /* URLSessionHTTPClient.swift */ = {isa = PBXFileReference; lastKnownFileType = sourcecode.swift; path = URLSessionHTTPClient.swift; sourceTree = "<group>"; };
		8FB6E95F24437EAF000C4C89 /* DataProviderTests.swift */ = {isa = PBXFileReference; lastKnownFileType = sourcecode.swift; path = DataProviderTests.swift; sourceTree = "<group>"; };
		8FB6E9612443DB0D000C4C89 /* URLRequestBuilder.swift */ = {isa = PBXFileReference; lastKnownFileType = sourcecode.swift; path = URLRequestBuilder.swift; sourceTree = "<group>"; };
		8FB6E963244471C2000C4C89 /* XCTestCase+TestHelpers.swift */ = {isa = PBXFileReference; lastKnownFileType = sourcecode.swift; path = "XCTestCase+TestHelpers.swift"; sourceTree = "<group>"; };
		8FB6E965244476FA000C4C89 /* URLRequestBuilderTests.swift */ = {isa = PBXFileReference; lastKnownFileType = sourcecode.swift; path = URLRequestBuilderTests.swift; sourceTree = "<group>"; };
		8FB6E967244497D1000C4C89 /* URLRequestConstants.swift */ = {isa = PBXFileReference; lastKnownFileType = sourcecode.swift; path = URLRequestConstants.swift; sourceTree = "<group>"; };
		8FC1CF6F23F1F04500F9ABCF /* CategoryItem.swift */ = {isa = PBXFileReference; lastKnownFileType = sourcecode.swift; path = CategoryItem.swift; sourceTree = "<group>"; };
		8FE1615923E373EE007E2973 /* DataProvider.swift */ = {isa = PBXFileReference; lastKnownFileType = sourcecode.swift; path = DataProvider.swift; sourceTree = "<group>"; };
		A50AC2FBCE6452E418288138 /* Pods_MenuAppTDD_MenuAppTDDUITests.framework */ = {isa = PBXFileReference; explicitFileType = wrapper.framework; includeInIndex = 0; path = Pods_MenuAppTDD_MenuAppTDDUITests.framework; sourceTree = BUILT_PRODUCTS_DIR; };
		ABC36AA8E3F2F9076198F15B /* Pods-MenuAppTDD.release.xcconfig */ = {isa = PBXFileReference; includeInIndex = 1; lastKnownFileType = text.xcconfig; name = "Pods-MenuAppTDD.release.xcconfig"; path = "Target Support Files/Pods-MenuAppTDD/Pods-MenuAppTDD.release.xcconfig"; sourceTree = "<group>"; };
		C1321306E7A6CF6B7FE79160 /* Pods-MenuAppTDD-MenuAppTDDUITests.debug.xcconfig */ = {isa = PBXFileReference; includeInIndex = 1; lastKnownFileType = text.xcconfig; name = "Pods-MenuAppTDD-MenuAppTDDUITests.debug.xcconfig"; path = "Target Support Files/Pods-MenuAppTDD-MenuAppTDDUITests/Pods-MenuAppTDD-MenuAppTDDUITests.debug.xcconfig"; sourceTree = "<group>"; };
		E33079550ED7FE31AB14E4FB /* Pods_MenuAppTDDTests.framework */ = {isa = PBXFileReference; explicitFileType = wrapper.framework; includeInIndex = 0; path = Pods_MenuAppTDDTests.framework; sourceTree = BUILT_PRODUCTS_DIR; };
		F8923D4D18490ACC13D9E67F /* Pods_MenuAppTDD.framework */ = {isa = PBXFileReference; explicitFileType = wrapper.framework; includeInIndex = 0; path = Pods_MenuAppTDD.framework; sourceTree = BUILT_PRODUCTS_DIR; };
/* End PBXFileReference section */

/* Begin PBXFrameworksBuildPhase section */
		8F8635002394309F008EA802 /* Frameworks */ = {
			isa = PBXFrameworksBuildPhase;
			buildActionMask = 2147483647;
			files = (
				8D8520139AABB1D04B47B00A /* Pods_MenuAppTDD.framework in Frameworks */,
			);
			runOnlyForDeploymentPostprocessing = 0;
		};
		8F863516239430A2008EA802 /* Frameworks */ = {
			isa = PBXFrameworksBuildPhase;
			buildActionMask = 2147483647;
			files = (
				365DCA327F8A58EA3FCA52AC /* Pods_MenuAppTDDTests.framework in Frameworks */,
			);
			runOnlyForDeploymentPostprocessing = 0;
		};
		8F863521239430A2008EA802 /* Frameworks */ = {
			isa = PBXFrameworksBuildPhase;
			buildActionMask = 2147483647;
			files = (
				6CB02E18844BFA0A342AA47F /* Pods_MenuAppTDD_MenuAppTDDUITests.framework in Frameworks */,
			);
			runOnlyForDeploymentPostprocessing = 0;
		};
/* End PBXFrameworksBuildPhase section */

/* Begin PBXGroup section */
		2D7E075BB6F219D0982F19B4 /* Frameworks */ = {
			isa = PBXGroup;
			children = (
				F8923D4D18490ACC13D9E67F /* Pods_MenuAppTDD.framework */,
				A50AC2FBCE6452E418288138 /* Pods_MenuAppTDD_MenuAppTDDUITests.framework */,
				E33079550ED7FE31AB14E4FB /* Pods_MenuAppTDDTests.framework */,
			);
			name = Frameworks;
			sourceTree = "<group>";
		};
		466BEF9511745B05B15245B0 /* Pods */ = {
			isa = PBXGroup;
			children = (
				079994913E7A356E42EF9129 /* Pods-MenuAppTDD.debug.xcconfig */,
				ABC36AA8E3F2F9076198F15B /* Pods-MenuAppTDD.release.xcconfig */,
				C1321306E7A6CF6B7FE79160 /* Pods-MenuAppTDD-MenuAppTDDUITests.debug.xcconfig */,
				38085B804D2824A48210CA15 /* Pods-MenuAppTDD-MenuAppTDDUITests.release.xcconfig */,
				8B6ED2E6ABFB001B9BDAE5B2 /* Pods-MenuAppTDDTests.debug.xcconfig */,
				49780ABF2218137969862B99 /* Pods-MenuAppTDDTests.release.xcconfig */,
			);
			path = Pods;
			sourceTree = "<group>";
		};
		8F3AA976239C46F0007DF782 /* Category */ = {
			isa = PBXGroup;
			children = (
				8F64E1AE23CD10F60063881F /* CategoryMainView.swift */,
			);
			path = Category;
			sourceTree = "<group>";
		};
		8F3AA977239C46FB007DF782 /* Menu */ = {
			isa = PBXGroup;
			children = (
				8F64E1B023CD11050063881F /* MenuMainView.swift */,
			);
			path = Menu;
			sourceTree = "<group>";
		};
		8F3AA978239C4700007DF782 /* ShoppingCart */ = {
			isa = PBXGroup;
			children = (
			);
			path = ShoppingCart;
			sourceTree = "<group>";
		};
		8F3AA979239C472B007DF782 /* Helpers */ = {
			isa = PBXGroup;
			children = (
				8F3AA980239C4811007DF782 /* Extensions.swift */,
				8F3AA982239C481C007DF782 /* Constants.swift */,
				8F52680E23DA36F100F182BB /* NavigationItemView.swift */,
			);
			path = Helpers;
			sourceTree = "<group>";
		};
		8F4CA3F12474805B00C4C9A3 /* Helpers */ = {
			isa = PBXGroup;
			children = (
				8F4CA3F22474808300C4C9A3 /* URLSessionHTTPClientTests+Helpers.swift */,
				8F4CA3F6247481C100C4C9A3 /* DataProviderTests+Helpers.swift */,
				8F4CA3FA2474833F00C4C9A3 /* URLRequestBuilderTests+Helpers.swift */,
				8FB6E9572441F2D3000C4C89 /* XCTestCase+MemoryLeakTracking.swift */,
				8FB6E963244471C2000C4C89 /* XCTestCase+TestHelpers.swift */,
			);
			path = Helpers;
			sourceTree = "<group>";
		};
		8F8634FA2394309F008EA802 = {
			isa = PBXGroup;
			children = (
				8F52680C23DA334400F182BB /* Ultra-Regular.ttf */,
				8F8635052394309F008EA802 /* MenuAppTDD */,
				8F86351C239430A2008EA802 /* MenuAppTDDTests */,
				8F863527239430A2008EA802 /* MenuAppTDDUITests */,
				8F8635042394309F008EA802 /* Products */,
				466BEF9511745B05B15245B0 /* Pods */,
				2D7E075BB6F219D0982F19B4 /* Frameworks */,
			);
			sourceTree = "<group>";
		};
		8F8635042394309F008EA802 /* Products */ = {
			isa = PBXGroup;
			children = (
				8F8635032394309F008EA802 /* MenuAppTDD.app */,
				8F863519239430A2008EA802 /* MenuAppTDDTests.xctest */,
				8F863524239430A2008EA802 /* MenuAppTDDUITests.xctest */,
			);
			name = Products;
			sourceTree = "<group>";
		};
		8F8635052394309F008EA802 /* MenuAppTDD */ = {
			isa = PBXGroup;
			children = (
				8FC1CF6E23F1F03600F9ABCF /* Models */,
				8F8635062394309F008EA802 /* AppDelegate.swift */,
				8F8635082394309F008EA802 /* SceneDelegate.swift */,
				8F86350F239430A2008EA802 /* Assets.xcassets */,
				8F863514239430A2008EA802 /* Info.plist */,
				8F3AA976239C46F0007DF782 /* Category */,
				8F3AA977239C46FB007DF782 /* Menu */,
				8F3AA978239C4700007DF782 /* ShoppingCart */,
				8F3AA979239C472B007DF782 /* Helpers */,
				8FE1615623E37297007E2973 /* APIClient */,
				8F3AA991239C5EAD007DF782 /* LaunchScreen.storyboard */,
			);
			path = MenuAppTDD;
			sourceTree = "<group>";
		};
		8F86351C239430A2008EA802 /* MenuAppTDDTests */ = {
			isa = PBXGroup;
			children = (
				8F4CA3F12474805B00C4C9A3 /* Helpers */,
				8F86351F239430A2008EA802 /* Info.plist */,
				8F8330712429499700F4A1BC /* URLSessionHTTPClientTests.swift */,
				8F4CA3F4247480D500C4C9A3 /* URLProtocolStub.swift */,
				8FB6E95F24437EAF000C4C89 /* DataProviderTests.swift */,
				8FB6E965244476FA000C4C89 /* URLRequestBuilderTests.swift */,
				8F4CA3F82474820700C4C9A3 /* HTTPClientStub.swift */,
			);
			path = MenuAppTDDTests;
			sourceTree = "<group>";
		};
		8F863527239430A2008EA802 /* MenuAppTDDUITests */ = {
			isa = PBXGroup;
			children = (
				8F863528239430A2008EA802 /* MenuAppTDDUITests.swift */,
				8F86352A239430A2008EA802 /* Info.plist */,
			);
			path = MenuAppTDDUITests;
			sourceTree = "<group>";
		};
		8FC1CF6E23F1F03600F9ABCF /* Models */ = {
			isa = PBXGroup;
			children = (
				8FC1CF6F23F1F04500F9ABCF /* CategoryItem.swift */,
			);
			path = Models;
			sourceTree = "<group>";
		};
		8FE1615623E37297007E2973 /* APIClient */ = {
			isa = PBXGroup;
			children = (
				8FE1615923E373EE007E2973 /* DataProvider.swift */,
				8F83307324294C7F00F4A1BC /* DataTaskPublisher.swift */,
				8FB6E95D24437DF3000C4C89 /* URLSessionHTTPClient.swift */,
				8FB6E9612443DB0D000C4C89 /* URLRequestBuilder.swift */,
				8FB6E967244497D1000C4C89 /* URLRequestConstants.swift */,
			);
			path = APIClient;
			sourceTree = "<group>";
		};
/* End PBXGroup section */

/* Begin PBXNativeTarget section */
		8F8635022394309F008EA802 /* MenuAppTDD */ = {
			isa = PBXNativeTarget;
			buildConfigurationList = 8F86352D239430A2008EA802 /* Build configuration list for PBXNativeTarget "MenuAppTDD" */;
			buildPhases = (
				492955BAB263E3DC9DBAE93B /* [CP] Check Pods Manifest.lock */,
				8F8634FF2394309F008EA802 /* Sources */,
				8F8635002394309F008EA802 /* Frameworks */,
				8F8635012394309F008EA802 /* Resources */,
			);
			buildRules = (
			);
			dependencies = (
			);
			name = MenuAppTDD;
			productName = MenuAppTDD;
			productReference = 8F8635032394309F008EA802 /* MenuAppTDD.app */;
			productType = "com.apple.product-type.application";
		};
		8F863518239430A2008EA802 /* MenuAppTDDTests */ = {
			isa = PBXNativeTarget;
			buildConfigurationList = 8F863530239430A2008EA802 /* Build configuration list for PBXNativeTarget "MenuAppTDDTests" */;
			buildPhases = (
				8533C719E2B23D3393221935 /* [CP] Check Pods Manifest.lock */,
				8F863515239430A2008EA802 /* Sources */,
				8F863516239430A2008EA802 /* Frameworks */,
				8F863517239430A2008EA802 /* Resources */,
			);
			buildRules = (
			);
			dependencies = (
				8F86351B239430A2008EA802 /* PBXTargetDependency */,
			);
			name = MenuAppTDDTests;
			productName = MenuAppTDDTests;
			productReference = 8F863519239430A2008EA802 /* MenuAppTDDTests.xctest */;
			productType = "com.apple.product-type.bundle.unit-test";
		};
		8F863523239430A2008EA802 /* MenuAppTDDUITests */ = {
			isa = PBXNativeTarget;
			buildConfigurationList = 8F863533239430A2008EA802 /* Build configuration list for PBXNativeTarget "MenuAppTDDUITests" */;
			buildPhases = (
				55DA13BA832C310B8A18630E /* [CP] Check Pods Manifest.lock */,
				8F863520239430A2008EA802 /* Sources */,
				8F863521239430A2008EA802 /* Frameworks */,
				8F863522239430A2008EA802 /* Resources */,
			);
			buildRules = (
			);
			dependencies = (
				8F863526239430A2008EA802 /* PBXTargetDependency */,
			);
			name = MenuAppTDDUITests;
			productName = MenuAppTDDUITests;
			productReference = 8F863524239430A2008EA802 /* MenuAppTDDUITests.xctest */;
			productType = "com.apple.product-type.bundle.ui-testing";
		};
/* End PBXNativeTarget section */

/* Begin PBXProject section */
		8F8634FB2394309F008EA802 /* Project object */ = {
			isa = PBXProject;
			attributes = {
				LastSwiftUpdateCheck = 1120;
				LastUpgradeCheck = 1120;
				ORGANIZATIONNAME = "Vinicius Leal and Gabriel Meira";
				TargetAttributes = {
					8F8635022394309F008EA802 = {
						CreatedOnToolsVersion = 11.2.1;
					};
					8F863518239430A2008EA802 = {
						CreatedOnToolsVersion = 11.2.1;
						LastSwiftMigration = 1130;
						TestTargetID = 8F8635022394309F008EA802;
					};
					8F863523239430A2008EA802 = {
						CreatedOnToolsVersion = 11.2.1;
						TestTargetID = 8F8635022394309F008EA802;
					};
				};
			};
			buildConfigurationList = 8F8634FE2394309F008EA802 /* Build configuration list for PBXProject "MenuAppTDD" */;
			compatibilityVersion = "Xcode 9.3";
			developmentRegion = en;
			hasScannedForEncodings = 0;
			knownRegions = (
				en,
				Base,
			);
			mainGroup = 8F8634FA2394309F008EA802;
			productRefGroup = 8F8635042394309F008EA802 /* Products */;
			projectDirPath = "";
			projectRoot = "";
			targets = (
				8F8635022394309F008EA802 /* MenuAppTDD */,
				8F863518239430A2008EA802 /* MenuAppTDDTests */,
				8F863523239430A2008EA802 /* MenuAppTDDUITests */,
			);
		};
/* End PBXProject section */

/* Begin PBXResourcesBuildPhase section */
		8F8635012394309F008EA802 /* Resources */ = {
			isa = PBXResourcesBuildPhase;
			buildActionMask = 2147483647;
			files = (
				8F52680D23DA334400F182BB /* Ultra-Regular.ttf in Resources */,
				8F3AA992239C5EAD007DF782 /* LaunchScreen.storyboard in Resources */,
				8F863510239430A2008EA802 /* Assets.xcassets in Resources */,
			);
			runOnlyForDeploymentPostprocessing = 0;
		};
		8F863517239430A2008EA802 /* Resources */ = {
			isa = PBXResourcesBuildPhase;
			buildActionMask = 2147483647;
			files = (
			);
			runOnlyForDeploymentPostprocessing = 0;
		};
		8F863522239430A2008EA802 /* Resources */ = {
			isa = PBXResourcesBuildPhase;
			buildActionMask = 2147483647;
			files = (
			);
			runOnlyForDeploymentPostprocessing = 0;
		};
/* End PBXResourcesBuildPhase section */

/* Begin PBXShellScriptBuildPhase section */
		492955BAB263E3DC9DBAE93B /* [CP] Check Pods Manifest.lock */ = {
			isa = PBXShellScriptBuildPhase;
			buildActionMask = 2147483647;
			files = (
			);
			inputFileListPaths = (
			);
			inputPaths = (
				"${PODS_PODFILE_DIR_PATH}/Podfile.lock",
				"${PODS_ROOT}/Manifest.lock",
			);
			name = "[CP] Check Pods Manifest.lock";
			outputFileListPaths = (
			);
			outputPaths = (
				"$(DERIVED_FILE_DIR)/Pods-MenuAppTDD-checkManifestLockResult.txt",
			);
			runOnlyForDeploymentPostprocessing = 0;
			shellPath = /bin/sh;
			shellScript = "diff \"${PODS_PODFILE_DIR_PATH}/Podfile.lock\" \"${PODS_ROOT}/Manifest.lock\" > /dev/null\nif [ $? != 0 ] ; then\n    # print error to STDERR\n    echo \"error: The sandbox is not in sync with the Podfile.lock. Run 'pod install' or update your CocoaPods installation.\" >&2\n    exit 1\nfi\n# This output is used by Xcode 'outputs' to avoid re-running this script phase.\necho \"SUCCESS\" > \"${SCRIPT_OUTPUT_FILE_0}\"\n";
			showEnvVarsInLog = 0;
		};
		55DA13BA832C310B8A18630E /* [CP] Check Pods Manifest.lock */ = {
			isa = PBXShellScriptBuildPhase;
			buildActionMask = 2147483647;
			files = (
			);
			inputFileListPaths = (
			);
			inputPaths = (
				"${PODS_PODFILE_DIR_PATH}/Podfile.lock",
				"${PODS_ROOT}/Manifest.lock",
			);
			name = "[CP] Check Pods Manifest.lock";
			outputFileListPaths = (
			);
			outputPaths = (
				"$(DERIVED_FILE_DIR)/Pods-MenuAppTDD-MenuAppTDDUITests-checkManifestLockResult.txt",
			);
			runOnlyForDeploymentPostprocessing = 0;
			shellPath = /bin/sh;
			shellScript = "diff \"${PODS_PODFILE_DIR_PATH}/Podfile.lock\" \"${PODS_ROOT}/Manifest.lock\" > /dev/null\nif [ $? != 0 ] ; then\n    # print error to STDERR\n    echo \"error: The sandbox is not in sync with the Podfile.lock. Run 'pod install' or update your CocoaPods installation.\" >&2\n    exit 1\nfi\n# This output is used by Xcode 'outputs' to avoid re-running this script phase.\necho \"SUCCESS\" > \"${SCRIPT_OUTPUT_FILE_0}\"\n";
			showEnvVarsInLog = 0;
		};
		8533C719E2B23D3393221935 /* [CP] Check Pods Manifest.lock */ = {
			isa = PBXShellScriptBuildPhase;
			buildActionMask = 2147483647;
			files = (
			);
			inputFileListPaths = (
			);
			inputPaths = (
				"${PODS_PODFILE_DIR_PATH}/Podfile.lock",
				"${PODS_ROOT}/Manifest.lock",
			);
			name = "[CP] Check Pods Manifest.lock";
			outputFileListPaths = (
			);
			outputPaths = (
				"$(DERIVED_FILE_DIR)/Pods-MenuAppTDDTests-checkManifestLockResult.txt",
			);
			runOnlyForDeploymentPostprocessing = 0;
			shellPath = /bin/sh;
			shellScript = "diff \"${PODS_PODFILE_DIR_PATH}/Podfile.lock\" \"${PODS_ROOT}/Manifest.lock\" > /dev/null\nif [ $? != 0 ] ; then\n    # print error to STDERR\n    echo \"error: The sandbox is not in sync with the Podfile.lock. Run 'pod install' or update your CocoaPods installation.\" >&2\n    exit 1\nfi\n# This output is used by Xcode 'outputs' to avoid re-running this script phase.\necho \"SUCCESS\" > \"${SCRIPT_OUTPUT_FILE_0}\"\n";
			showEnvVarsInLog = 0;
		};
/* End PBXShellScriptBuildPhase section */

/* Begin PBXSourcesBuildPhase section */
		8F8634FF2394309F008EA802 /* Sources */ = {
			isa = PBXSourcesBuildPhase;
			buildActionMask = 2147483647;
			files = (
				8F3AA981239C4811007DF782 /* Extensions.swift in Sources */,
				8F8635072394309F008EA802 /* AppDelegate.swift in Sources */,
				8F64E1B123CD11050063881F /* MenuMainView.swift in Sources */,
				8FB6E9622443DB0E000C4C89 /* URLRequestBuilder.swift in Sources */,
				8FE1615A23E373EE007E2973 /* DataProvider.swift in Sources */,
				8FB6E968244497D1000C4C89 /* URLRequestConstants.swift in Sources */,
				8F8635092394309F008EA802 /* SceneDelegate.swift in Sources */,
				8FC1CF7023F1F04500F9ABCF /* CategoryItem.swift in Sources */,
				8FB6E95E24437DF3000C4C89 /* URLSessionHTTPClient.swift in Sources */,
				8F83307424294C7F00F4A1BC /* DataTaskPublisher.swift in Sources */,
				8F64E1AF23CD10F60063881F /* CategoryMainView.swift in Sources */,
				8F52680F23DA36F100F182BB /* NavigationItemView.swift in Sources */,
				8F3AA983239C481C007DF782 /* Constants.swift in Sources */,
			);
			runOnlyForDeploymentPostprocessing = 0;
		};
		8F863515239430A2008EA802 /* Sources */ = {
			isa = PBXSourcesBuildPhase;
			buildActionMask = 2147483647;
			files = (
				8F4CA3F7247481C100C4C9A3 /* DataProviderTests+Helpers.swift in Sources */,
				8FB6E964244471C2000C4C89 /* XCTestCase+TestHelpers.swift in Sources */,
				8F4CA3F5247480D500C4C9A3 /* URLProtocolStub.swift in Sources */,
				8F4CA3F92474820700C4C9A3 /* HTTPClientStub.swift in Sources */,
				8FB6E9582441F2D4000C4C89 /* XCTestCase+MemoryLeakTracking.swift in Sources */,
				8FB6E966244476FA000C4C89 /* URLRequestBuilderTests.swift in Sources */,
				8F4CA3F32474808300C4C9A3 /* URLSessionHTTPClientTests+Helpers.swift in Sources */,
				8F4CA3FB2474833F00C4C9A3 /* URLRequestBuilderTests+Helpers.swift in Sources */,
				8F8330722429499700F4A1BC /* URLSessionHTTPClientTests.swift in Sources */,
				8FB6E96024437EAF000C4C89 /* DataProviderTests.swift in Sources */,
			);
			runOnlyForDeploymentPostprocessing = 0;
		};
		8F863520239430A2008EA802 /* Sources */ = {
			isa = PBXSourcesBuildPhase;
			buildActionMask = 2147483647;
			files = (
				8F863529239430A2008EA802 /* MenuAppTDDUITests.swift in Sources */,
			);
			runOnlyForDeploymentPostprocessing = 0;
		};
/* End PBXSourcesBuildPhase section */

/* Begin PBXTargetDependency section */
		8F86351B239430A2008EA802 /* PBXTargetDependency */ = {
			isa = PBXTargetDependency;
			target = 8F8635022394309F008EA802 /* MenuAppTDD */;
			targetProxy = 8F86351A239430A2008EA802 /* PBXContainerItemProxy */;
		};
		8F863526239430A2008EA802 /* PBXTargetDependency */ = {
			isa = PBXTargetDependency;
			target = 8F8635022394309F008EA802 /* MenuAppTDD */;
			targetProxy = 8F863525239430A2008EA802 /* PBXContainerItemProxy */;
		};
/* End PBXTargetDependency section */

/* Begin XCBuildConfiguration section */
		8F86352B239430A2008EA802 /* Debug */ = {
			isa = XCBuildConfiguration;
			buildSettings = {
				ALWAYS_SEARCH_USER_PATHS = NO;
				CLANG_ANALYZER_NONNULL = YES;
				CLANG_ANALYZER_NUMBER_OBJECT_CONVERSION = YES_AGGRESSIVE;
				CLANG_CXX_LANGUAGE_STANDARD = "gnu++14";
				CLANG_CXX_LIBRARY = "libc++";
				CLANG_ENABLE_MODULES = YES;
				CLANG_ENABLE_OBJC_ARC = YES;
				CLANG_ENABLE_OBJC_WEAK = YES;
				CLANG_WARN_BLOCK_CAPTURE_AUTORELEASING = YES;
				CLANG_WARN_BOOL_CONVERSION = YES;
				CLANG_WARN_COMMA = YES;
				CLANG_WARN_CONSTANT_CONVERSION = YES;
				CLANG_WARN_DEPRECATED_OBJC_IMPLEMENTATIONS = YES;
				CLANG_WARN_DIRECT_OBJC_ISA_USAGE = YES_ERROR;
				CLANG_WARN_DOCUMENTATION_COMMENTS = YES;
				CLANG_WARN_EMPTY_BODY = YES;
				CLANG_WARN_ENUM_CONVERSION = YES;
				CLANG_WARN_INFINITE_RECURSION = YES;
				CLANG_WARN_INT_CONVERSION = YES;
				CLANG_WARN_NON_LITERAL_NULL_CONVERSION = YES;
				CLANG_WARN_OBJC_IMPLICIT_RETAIN_SELF = YES;
				CLANG_WARN_OBJC_LITERAL_CONVERSION = YES;
				CLANG_WARN_OBJC_ROOT_CLASS = YES_ERROR;
				CLANG_WARN_RANGE_LOOP_ANALYSIS = YES;
				CLANG_WARN_STRICT_PROTOTYPES = YES;
				CLANG_WARN_SUSPICIOUS_MOVE = YES;
				CLANG_WARN_UNGUARDED_AVAILABILITY = YES_AGGRESSIVE;
				CLANG_WARN_UNREACHABLE_CODE = YES;
				CLANG_WARN__DUPLICATE_METHOD_MATCH = YES;
				COPY_PHASE_STRIP = NO;
				DEBUG_INFORMATION_FORMAT = dwarf;
				ENABLE_STRICT_OBJC_MSGSEND = YES;
				ENABLE_TESTABILITY = YES;
				GCC_C_LANGUAGE_STANDARD = gnu11;
				GCC_DYNAMIC_NO_PIC = NO;
				GCC_NO_COMMON_BLOCKS = YES;
				GCC_OPTIMIZATION_LEVEL = 0;
				GCC_PREPROCESSOR_DEFINITIONS = (
					"DEBUG=1",
					"$(inherited)",
				);
				GCC_WARN_64_TO_32_BIT_CONVERSION = YES;
				GCC_WARN_ABOUT_RETURN_TYPE = YES_ERROR;
				GCC_WARN_UNDECLARED_SELECTOR = YES;
				GCC_WARN_UNINITIALIZED_AUTOS = YES_AGGRESSIVE;
				GCC_WARN_UNUSED_FUNCTION = YES;
				GCC_WARN_UNUSED_VARIABLE = YES;
				IPHONEOS_DEPLOYMENT_TARGET = 13.2;
				MTL_ENABLE_DEBUG_INFO = INCLUDE_SOURCE;
				MTL_FAST_MATH = YES;
				ONLY_ACTIVE_ARCH = YES;
				SDKROOT = iphoneos;
				SWIFT_ACTIVE_COMPILATION_CONDITIONS = DEBUG;
				SWIFT_OPTIMIZATION_LEVEL = "-Onone";
			};
			name = Debug;
		};
		8F86352C239430A2008EA802 /* Release */ = {
			isa = XCBuildConfiguration;
			buildSettings = {
				ALWAYS_SEARCH_USER_PATHS = NO;
				CLANG_ANALYZER_NONNULL = YES;
				CLANG_ANALYZER_NUMBER_OBJECT_CONVERSION = YES_AGGRESSIVE;
				CLANG_CXX_LANGUAGE_STANDARD = "gnu++14";
				CLANG_CXX_LIBRARY = "libc++";
				CLANG_ENABLE_MODULES = YES;
				CLANG_ENABLE_OBJC_ARC = YES;
				CLANG_ENABLE_OBJC_WEAK = YES;
				CLANG_WARN_BLOCK_CAPTURE_AUTORELEASING = YES;
				CLANG_WARN_BOOL_CONVERSION = YES;
				CLANG_WARN_COMMA = YES;
				CLANG_WARN_CONSTANT_CONVERSION = YES;
				CLANG_WARN_DEPRECATED_OBJC_IMPLEMENTATIONS = YES;
				CLANG_WARN_DIRECT_OBJC_ISA_USAGE = YES_ERROR;
				CLANG_WARN_DOCUMENTATION_COMMENTS = YES;
				CLANG_WARN_EMPTY_BODY = YES;
				CLANG_WARN_ENUM_CONVERSION = YES;
				CLANG_WARN_INFINITE_RECURSION = YES;
				CLANG_WARN_INT_CONVERSION = YES;
				CLANG_WARN_NON_LITERAL_NULL_CONVERSION = YES;
				CLANG_WARN_OBJC_IMPLICIT_RETAIN_SELF = YES;
				CLANG_WARN_OBJC_LITERAL_CONVERSION = YES;
				CLANG_WARN_OBJC_ROOT_CLASS = YES_ERROR;
				CLANG_WARN_RANGE_LOOP_ANALYSIS = YES;
				CLANG_WARN_STRICT_PROTOTYPES = YES;
				CLANG_WARN_SUSPICIOUS_MOVE = YES;
				CLANG_WARN_UNGUARDED_AVAILABILITY = YES_AGGRESSIVE;
				CLANG_WARN_UNREACHABLE_CODE = YES;
				CLANG_WARN__DUPLICATE_METHOD_MATCH = YES;
				COPY_PHASE_STRIP = NO;
				DEBUG_INFORMATION_FORMAT = "dwarf-with-dsym";
				ENABLE_NS_ASSERTIONS = NO;
				ENABLE_STRICT_OBJC_MSGSEND = YES;
				GCC_C_LANGUAGE_STANDARD = gnu11;
				GCC_NO_COMMON_BLOCKS = YES;
				GCC_WARN_64_TO_32_BIT_CONVERSION = YES;
				GCC_WARN_ABOUT_RETURN_TYPE = YES_ERROR;
				GCC_WARN_UNDECLARED_SELECTOR = YES;
				GCC_WARN_UNINITIALIZED_AUTOS = YES_AGGRESSIVE;
				GCC_WARN_UNUSED_FUNCTION = YES;
				GCC_WARN_UNUSED_VARIABLE = YES;
				IPHONEOS_DEPLOYMENT_TARGET = 13.2;
				MTL_ENABLE_DEBUG_INFO = NO;
				MTL_FAST_MATH = YES;
				SDKROOT = iphoneos;
				SWIFT_COMPILATION_MODE = wholemodule;
				SWIFT_OPTIMIZATION_LEVEL = "-O";
				VALIDATE_PRODUCT = YES;
			};
			name = Release;
		};
		8F86352E239430A2008EA802 /* Debug */ = {
			isa = XCBuildConfiguration;
			baseConfigurationReference = 079994913E7A356E42EF9129 /* Pods-MenuAppTDD.debug.xcconfig */;
			buildSettings = {
				ASSETCATALOG_COMPILER_APPICON_NAME = AppIcon;
				CODE_SIGN_STYLE = Automatic;
				DEVELOPMENT_TEAM = 3SNY4A7B39;
				INFOPLIST_FILE = MenuAppTDD/Info.plist;
				LD_RUNPATH_SEARCH_PATHS = (
					"$(inherited)",
					"@executable_path/Frameworks",
				);
				PRODUCT_BUNDLE_IDENTIFIER = com.viniciusLeal.MenuAppTDD;
				PRODUCT_NAME = "$(TARGET_NAME)";
				SWIFT_VERSION = 5.0;
				TARGETED_DEVICE_FAMILY = 1;
			};
			name = Debug;
		};
		8F86352F239430A2008EA802 /* Release */ = {
			isa = XCBuildConfiguration;
			baseConfigurationReference = ABC36AA8E3F2F9076198F15B /* Pods-MenuAppTDD.release.xcconfig */;
			buildSettings = {
				ASSETCATALOG_COMPILER_APPICON_NAME = AppIcon;
				CODE_SIGN_STYLE = Automatic;
				DEVELOPMENT_TEAM = 3SNY4A7B39;
				INFOPLIST_FILE = MenuAppTDD/Info.plist;
				LD_RUNPATH_SEARCH_PATHS = (
					"$(inherited)",
					"@executable_path/Frameworks",
				);
				PRODUCT_BUNDLE_IDENTIFIER = com.viniciusLeal.MenuAppTDD;
				PRODUCT_NAME = "$(TARGET_NAME)";
				SWIFT_VERSION = 5.0;
				TARGETED_DEVICE_FAMILY = 1;
			};
			name = Release;
		};
		8F863531239430A2008EA802 /* Debug */ = {
			isa = XCBuildConfiguration;
			baseConfigurationReference = 8B6ED2E6ABFB001B9BDAE5B2 /* Pods-MenuAppTDDTests.debug.xcconfig */;
			buildSettings = {
				ALWAYS_EMBED_SWIFT_STANDARD_LIBRARIES = YES;
				BUNDLE_LOADER = "$(TEST_HOST)";
				CLANG_ENABLE_MODULES = YES;
				CODE_SIGN_STYLE = Automatic;
				INFOPLIST_FILE = MenuAppTDDTests/Info.plist;
				IPHONEOS_DEPLOYMENT_TARGET = 13.2;
				LD_RUNPATH_SEARCH_PATHS = (
					"$(inherited)",
					"@executable_path/Frameworks",
					"@loader_path/Frameworks",
				);
				PRODUCT_BUNDLE_IDENTIFIER = com.viniciusLeal.MenuAppTDDTests;
				PRODUCT_NAME = "$(TARGET_NAME)";
				SWIFT_OPTIMIZATION_LEVEL = "-Onone";
				SWIFT_VERSION = 5.0;
				TARGETED_DEVICE_FAMILY = "1,2";
				TEST_HOST = "$(BUILT_PRODUCTS_DIR)/MenuAppTDD.app/MenuAppTDD";
			};
			name = Debug;
		};
		8F863532239430A2008EA802 /* Release */ = {
			isa = XCBuildConfiguration;
			baseConfigurationReference = 49780ABF2218137969862B99 /* Pods-MenuAppTDDTests.release.xcconfig */;
			buildSettings = {
				ALWAYS_EMBED_SWIFT_STANDARD_LIBRARIES = YES;
				BUNDLE_LOADER = "$(TEST_HOST)";
				CLANG_ENABLE_MODULES = YES;
				CODE_SIGN_STYLE = Automatic;
				INFOPLIST_FILE = MenuAppTDDTests/Info.plist;
				IPHONEOS_DEPLOYMENT_TARGET = 13.2;
				LD_RUNPATH_SEARCH_PATHS = (
					"$(inherited)",
					"@executable_path/Frameworks",
					"@loader_path/Frameworks",
				);
				PRODUCT_BUNDLE_IDENTIFIER = com.viniciusLeal.MenuAppTDDTests;
				PRODUCT_NAME = "$(TARGET_NAME)";
				SWIFT_VERSION = 5.0;
				TARGETED_DEVICE_FAMILY = "1,2";
				TEST_HOST = "$(BUILT_PRODUCTS_DIR)/MenuAppTDD.app/MenuAppTDD";
			};
			name = Release;
		};
		8F863534239430A2008EA802 /* Debug */ = {
			isa = XCBuildConfiguration;
			baseConfigurationReference = C1321306E7A6CF6B7FE79160 /* Pods-MenuAppTDD-MenuAppTDDUITests.debug.xcconfig */;
			buildSettings = {
				ALWAYS_EMBED_SWIFT_STANDARD_LIBRARIES = YES;
				CODE_SIGN_STYLE = Automatic;
				INFOPLIST_FILE = MenuAppTDDUITests/Info.plist;
				LD_RUNPATH_SEARCH_PATHS = (
					"$(inherited)",
					"@executable_path/Frameworks",
					"@loader_path/Frameworks",
				);
				PRODUCT_BUNDLE_IDENTIFIER = com.viniciusLeal.MenuAppTDDUITests;
				PRODUCT_NAME = "$(TARGET_NAME)";
				SWIFT_VERSION = 5.0;
				TARGETED_DEVICE_FAMILY = "1,2";
				TEST_TARGET_NAME = MenuAppTDD;
			};
			name = Debug;
		};
		8F863535239430A2008EA802 /* Release */ = {
			isa = XCBuildConfiguration;
			baseConfigurationReference = 38085B804D2824A48210CA15 /* Pods-MenuAppTDD-MenuAppTDDUITests.release.xcconfig */;
			buildSettings = {
				ALWAYS_EMBED_SWIFT_STANDARD_LIBRARIES = YES;
				CODE_SIGN_STYLE = Automatic;
				INFOPLIST_FILE = MenuAppTDDUITests/Info.plist;
				LD_RUNPATH_SEARCH_PATHS = (
					"$(inherited)",
					"@executable_path/Frameworks",
					"@loader_path/Frameworks",
				);
				PRODUCT_BUNDLE_IDENTIFIER = com.viniciusLeal.MenuAppTDDUITests;
				PRODUCT_NAME = "$(TARGET_NAME)";
				SWIFT_VERSION = 5.0;
				TARGETED_DEVICE_FAMILY = "1,2";
				TEST_TARGET_NAME = MenuAppTDD;
			};
			name = Release;
		};
/* End XCBuildConfiguration section */

/* Begin XCConfigurationList section */
		8F8634FE2394309F008EA802 /* Build configuration list for PBXProject "MenuAppTDD" */ = {
			isa = XCConfigurationList;
			buildConfigurations = (
				8F86352B239430A2008EA802 /* Debug */,
				8F86352C239430A2008EA802 /* Release */,
			);
			defaultConfigurationIsVisible = 0;
			defaultConfigurationName = Release;
		};
		8F86352D239430A2008EA802 /* Build configuration list for PBXNativeTarget "MenuAppTDD" */ = {
			isa = XCConfigurationList;
			buildConfigurations = (
				8F86352E239430A2008EA802 /* Debug */,
				8F86352F239430A2008EA802 /* Release */,
			);
			defaultConfigurationIsVisible = 0;
			defaultConfigurationName = Release;
		};
		8F863530239430A2008EA802 /* Build configuration list for PBXNativeTarget "MenuAppTDDTests" */ = {
			isa = XCConfigurationList;
			buildConfigurations = (
				8F863531239430A2008EA802 /* Debug */,
				8F863532239430A2008EA802 /* Release */,
			);
			defaultConfigurationIsVisible = 0;
			defaultConfigurationName = Release;
		};
		8F863533239430A2008EA802 /* Build configuration list for PBXNativeTarget "MenuAppTDDUITests" */ = {
			isa = XCConfigurationList;
			buildConfigurations = (
				8F863534239430A2008EA802 /* Debug */,
				8F863535239430A2008EA802 /* Release */,
			);
			defaultConfigurationIsVisible = 0;
			defaultConfigurationName = Release;
		};
/* End XCConfigurationList section */
	};
	rootObject = 8F8634FB2394309F008EA802 /* Project object */;
}
